
Microsoft Visual Studio Solution File, Format Version 12.00
# Visual Studio Version 17
VisualStudioVersion = 17.0.31903.59
MinimumVisualStudioVersion = 10.0.40219.1
Project("{2150E333-8FDC-42A3-9474-1A3956D46DE8}") = "src", "src", "{2D0264D5-B65E-49AF-9EB1-BA5B5498ECB0}"
EndProject
Project("{2150E333-8FDC-42A3-9474-1A3956D46DE8}") = "Gateway", "Gateway", "{493E6E79-66E1-420B-AE8F-053783EAA4C0}"
EndProject
Project("{FAE04EC0-301F-11D3-BF4B-00C04F79EFBC}") = "ApiGateway", "src\Gateway\ApiGateway\ApiGateway.csproj", "{1B16748F-8E66-4DC1-B536-85BF3716CF1E}"
EndProject
Project("{2150E333-8FDC-42A3-9474-1A3956D46DE8}") = "Services", "Services", "{90BD2B18-E8EF-4FF5-85BF-A1C119AA4F29}"
EndProject
Project("{2150E333-8FDC-42A3-9474-1A3956D46DE8}") = "Identity", "Identity", "{1916FD1B-DDBA-49D6-AA4F-2179E6E073FC}"
EndProject
Project("{FAE04EC0-301F-11D3-BF4B-00C04F79EFBC}") = "Identity.API", "src\Services\Identity\Identity.API\Identity.API.csproj", "{988A0FD0-1A05-4DEA-883C-15E34D39535C}"
EndProject
Project("{FAE04EC0-301F-11D3-BF4B-00C04F79EFBC}") = "Identity.Application", "src\Services\Identity\Identity.Application\Identity.Application.csproj", "{2D33E66B-4B76-4A11-9647-EE4514756F33}"
EndProject
Project("{FAE04EC0-301F-11D3-BF4B-00C04F79EFBC}") = "Identity.Domain", "src\Services\Identity\Identity.Domain\Identity.Domain.csproj", "{3FB66120-0892-48C2-BA0B-2ED82EA0C749}"
EndProject
Project("{FAE04EC0-301F-11D3-BF4B-00C04F79EFBC}") = "Identity.Infrastructure", "src\Services\Identity\Identity.Infrastructure\Identity.Infrastructure.csproj", "{578E9FD7-9EB6-4308-97FF-3C216D957390}"
EndProject
Project("{2150E333-8FDC-42A3-9474-1A3956D46DE8}") = "Product", "Product", "{B0410673-1D4A-4435-98F3-6FB2D76CF749}"
EndProject
Project("{FAE04EC0-301F-11D3-BF4B-00C04F79EFBC}") = "Product.API", "src\Services\Product\Product.API\Product.API.csproj", "{6D890C6D-61D9-4745-BCC8-2AAB8218E98B}"
EndProject
Project("{FAE04EC0-301F-11D3-BF4B-00C04F79EFBC}") = "Product.Application", "src\Services\Product\Product.Application\Product.Application.csproj", "{C943C8F5-A79D-4321-9137-5F446F0CAE3F}"
EndProject
Project("{FAE04EC0-301F-11D3-BF4B-00C04F79EFBC}") = "Product.Domain", "src\Services\Product\Product.Domain\Product.Domain.csproj", "{84CA2987-317A-4A2E-AC13-E3157999C9FC}"
EndProject
Project("{FAE04EC0-301F-11D3-BF4B-00C04F79EFBC}") = "Product.Infrastructure", "src\Services\Product\Product.Infrastructure\Product.Infrastructure.csproj", "{581034FD-1E2E-4951-A2A3-4B3C8B847DF4}"
EndProject
Project("{2150E333-8FDC-42A3-9474-1A3956D46DE8}") = "Inventory", "Inventory", "{A3054265-FE65-4D29-B279-363F3E20B329}"
EndProject
Project("{FAE04EC0-301F-11D3-BF4B-00C04F79EFBC}") = "Inventory.API", "src\Services\Inventory\Inventory.API\Inventory.API.csproj", "{1B48EC2E-FA34-4C82-9BCB-828F3ABF05E7}"
EndProject
Project("{FAE04EC0-301F-11D3-BF4B-00C04F79EFBC}") = "Inventory.Application", "src\Services\Inventory\Inventory.Application\Inventory.Application.csproj", "{25BFC170-DC26-4172-ACBE-3435E9D0F668}"
EndProject
Project("{FAE04EC0-301F-11D3-BF4B-00C04F79EFBC}") = "Inventory.Domain", "src\Services\Inventory\Inventory.Domain\Inventory.Domain.csproj", "{33ADC2AF-3B34-4040-AF02-8FAA0EADD9CF}"
EndProject
Project("{FAE04EC0-301F-11D3-BF4B-00C04F79EFBC}") = "Inventory.Infrastructure", "src\Services\Inventory\Inventory.Infrastructure\Inventory.Infrastructure.csproj", "{AFCBB04A-7D06-4823-B7A1-59F6F589FE08}"
EndProject
Project("{2150E333-8FDC-42A3-9474-1A3956D46DE8}") = "Order", "Order", "{5ECBAB6B-49B3-44BE-87E4-B8ECD8DF4D56}"
EndProject
Project("{FAE04EC0-301F-11D3-BF4B-00C04F79EFBC}") = "Order.API", "src\Services\Order\Order.API\Order.API.csproj", "{3E885F6D-E2B8-492B-9A26-351C44A0062D}"
EndProject
Project("{FAE04EC0-301F-11D3-BF4B-00C04F79EFBC}") = "Order.Application", "src\Services\Order\Order.Application\Order.Application.csproj", "{57B64D8E-2747-4987-A9BA-D4129AE06960}"
EndProject
Project("{FAE04EC0-301F-11D3-BF4B-00C04F79EFBC}") = "Order.Domain", "src\Services\Order\Order.Domain\Order.Domain.csproj", "{96247247-18F2-4620-8A1A-64E623CA101B}"
EndProject
Project("{FAE04EC0-301F-11D3-BF4B-00C04F79EFBC}") = "Order.Infrastructure", "src\Services\Order\Order.Infrastructure\Order.Infrastructure.csproj", "{A489A838-8585-4BBD-82F2-E22F060BE40F}"
EndProject
Project("{2150E333-8FDC-42A3-9474-1A3956D46DE8}") = "Payment", "Payment", "{79622E16-F9FA-4F83-9A26-561C6FD550A4}"
EndProject
Project("{FAE04EC0-301F-11D3-BF4B-00C04F79EFBC}") = "Payment.API", "src\Services\Payment\Payment.API\Payment.API.csproj", "{8A9CF649-A8F9-4647-A302-C8813EA7DE09}"
EndProject
Project("{FAE04EC0-301F-11D3-BF4B-00C04F79EFBC}") = "Payment.Application", "src\Services\Payment\Payment.Application\Payment.Application.csproj", "{6274C4A3-0994-49AD-A62C-936B73E72F21}"
EndProject
Project("{FAE04EC0-301F-11D3-BF4B-00C04F79EFBC}") = "Payment.Domain", "src\Services\Payment\Payment.Domain\Payment.Domain.csproj", "{BD0A13CA-6E58-4DF1-ADAE-CA20888288CD}"
EndProject
Project("{FAE04EC0-301F-11D3-BF4B-00C04F79EFBC}") = "Payment.Infrastructure", "src\Services\Payment\Payment.Infrastructure\Payment.Infrastructure.csproj", "{35C70977-D111-4A92-828F-0588203C4A4A}"
EndProject
Project("{2150E333-8FDC-42A3-9474-1A3956D46DE8}") = "Basket", "Basket", "{F2B92F7B-8180-4FFC-8D96-1C24CB4AE9EB}"
EndProject
Project("{FAE04EC0-301F-11D3-BF4B-00C04F79EFBC}") = "Basket.API", "src\Services\Basket\Basket.API\Basket.API.csproj", "{7EB08941-4497-49CF-98FC-C9F02B2FE93B}"
EndProject
Project("{FAE04EC0-301F-11D3-BF4B-00C04F79EFBC}") = "Basket.Application", "src\Services\Basket\Basket.Application\Basket.Application.csproj", "{C16AF3FF-5CD2-4EE5-822F-732CC5F47B94}"
EndProject
Project("{FAE04EC0-301F-11D3-BF4B-00C04F79EFBC}") = "Basket.Domain", "src\Services\Basket\Basket.Domain\Basket.Domain.csproj", "{8C1EC0D7-FD0A-4F77-8CC8-3791A5AEFF92}"
EndProject
Project("{FAE04EC0-301F-11D3-BF4B-00C04F79EFBC}") = "Basket.Infrastructure", "src\Services\Basket\Basket.Infrastructure\Basket.Infrastructure.csproj", "{6202C494-7AB5-4B2F-AE39-6A3FDF59B1B9}"
EndProject
Project("{2150E333-8FDC-42A3-9474-1A3956D46DE8}") = "Notification", "Notification", "{54E34B87-34ED-4B74-9883-EF6865495402}"
EndProject
Project("{FAE04EC0-301F-11D3-BF4B-00C04F79EFBC}") = "Notification.API", "src\Services\Notification\Notification.API\Notification.API.csproj", "{E5EA526D-0677-4EA6-AB81-BF1B90D2E2D6}"
EndProject
Project("{FAE04EC0-301F-11D3-BF4B-00C04F79EFBC}") = "Notification.Application", "src\Services\Notification\Notification.Application\Notification.Application.csproj", "{D95610B1-54AD-474C-B7BD-C33AA974029E}"
EndProject
Project("{FAE04EC0-301F-11D3-BF4B-00C04F79EFBC}") = "Notification.Domain", "src\Services\Notification\Notification.Domain\Notification.Domain.csproj", "{F1C111FD-169C-4720-9EAC-20685275E5A5}"
EndProject
Project("{FAE04EC0-301F-11D3-BF4B-00C04F79EFBC}") = "Notification.Infrastructure", "src\Services\Notification\Notification.Infrastructure\Notification.Infrastructure.csproj", "{EB9BF04D-999B-45EB-BA25-5515E959E91A}"
EndProject
Project("{FAE04EC0-301F-11D3-BF4B-00C04F79EFBC}") = "SharedKernel", "src\SharedKernel\SharedKernel.csproj", "{1A2FEC3F-7635-4193-848B-C67EC71A7D99}"
EndProject
Global
	GlobalSection(SolutionConfigurationPlatforms) = preSolution
		Debug|Any CPU = Debug|Any CPU
		Release|Any CPU = Release|Any CPU
	EndGlobalSection
	GlobalSection(SolutionProperties) = preSolution
		HideSolutionNode = FALSE
	EndGlobalSection
	GlobalSection(ProjectConfigurationPlatforms) = postSolution
		{1B16748F-8E66-4DC1-B536-85BF3716CF1E}.Debug|Any CPU.ActiveCfg = Debug|Any CPU
		{1B16748F-8E66-4DC1-B536-85BF3716CF1E}.Debug|Any CPU.Build.0 = Debug|Any CPU
		{1B16748F-8E66-4DC1-B536-85BF3716CF1E}.Release|Any CPU.ActiveCfg = Release|Any CPU
		{1B16748F-8E66-4DC1-B536-85BF3716CF1E}.Release|Any CPU.Build.0 = Release|Any CPU
		{988A0FD0-1A05-4DEA-883C-15E34D39535C}.Debug|Any CPU.ActiveCfg = Debug|Any CPU
		{988A0FD0-1A05-4DEA-883C-15E34D39535C}.Debug|Any CPU.Build.0 = Debug|Any CPU
		{988A0FD0-1A05-4DEA-883C-15E34D39535C}.Release|Any CPU.ActiveCfg = Release|Any CPU
		{988A0FD0-1A05-4DEA-883C-15E34D39535C}.Release|Any CPU.Build.0 = Release|Any CPU
		{2D33E66B-4B76-4A11-9647-EE4514756F33}.Debug|Any CPU.ActiveCfg = Debug|Any CPU
		{2D33E66B-4B76-4A11-9647-EE4514756F33}.Debug|Any CPU.Build.0 = Debug|Any CPU
		{2D33E66B-4B76-4A11-9647-EE4514756F33}.Release|Any CPU.ActiveCfg = Release|Any CPU
		{2D33E66B-4B76-4A11-9647-EE4514756F33}.Release|Any CPU.Build.0 = Release|Any CPU
		{3FB66120-0892-48C2-BA0B-2ED82EA0C749}.Debug|Any CPU.ActiveCfg = Debug|Any CPU
		{3FB66120-0892-48C2-BA0B-2ED82EA0C749}.Debug|Any CPU.Build.0 = Debug|Any CPU
		{3FB66120-0892-48C2-BA0B-2ED82EA0C749}.Release|Any CPU.ActiveCfg = Release|Any CPU
		{3FB66120-0892-48C2-BA0B-2ED82EA0C749}.Release|Any CPU.Build.0 = Release|Any CPU
		{578E9FD7-9EB6-4308-97FF-3C216D957390}.Debug|Any CPU.ActiveCfg = Debug|Any CPU
		{578E9FD7-9EB6-4308-97FF-3C216D957390}.Debug|Any CPU.Build.0 = Debug|Any CPU
		{578E9FD7-9EB6-4308-97FF-3C216D957390}.Release|Any CPU.ActiveCfg = Release|Any CPU
		{578E9FD7-9EB6-4308-97FF-3C216D957390}.Release|Any CPU.Build.0 = Release|Any CPU
		{6D890C6D-61D9-4745-BCC8-2AAB8218E98B}.Debug|Any CPU.ActiveCfg = Debug|Any CPU
		{6D890C6D-61D9-4745-BCC8-2AAB8218E98B}.Debug|Any CPU.Build.0 = Debug|Any CPU
		{6D890C6D-61D9-4745-BCC8-2AAB8218E98B}.Release|Any CPU.ActiveCfg = Release|Any CPU
		{6D890C6D-61D9-4745-BCC8-2AAB8218E98B}.Release|Any CPU.Build.0 = Release|Any CPU
		{C943C8F5-A79D-4321-9137-5F446F0CAE3F}.Debug|Any CPU.ActiveCfg = Debug|Any CPU
		{C943C8F5-A79D-4321-9137-5F446F0CAE3F}.Debug|Any CPU.Build.0 = Debug|Any CPU
		{C943C8F5-A79D-4321-9137-5F446F0CAE3F}.Release|Any CPU.ActiveCfg = Release|Any CPU
		{C943C8F5-A79D-4321-9137-5F446F0CAE3F}.Release|Any CPU.Build.0 = Release|Any CPU
		{84CA2987-317A-4A2E-AC13-E3157999C9FC}.Debug|Any CPU.ActiveCfg = Debug|Any CPU
		{84CA2987-317A-4A2E-AC13-E3157999C9FC}.Debug|Any CPU.Build.0 = Debug|Any CPU
		{84CA2987-317A-4A2E-AC13-E3157999C9FC}.Release|Any CPU.ActiveCfg = Release|Any CPU
		{84CA2987-317A-4A2E-AC13-E3157999C9FC}.Release|Any CPU.Build.0 = Release|Any CPU
		{581034FD-1E2E-4951-A2A3-4B3C8B847DF4}.Debug|Any CPU.ActiveCfg = Debug|Any CPU
		{581034FD-1E2E-4951-A2A3-4B3C8B847DF4}.Debug|Any CPU.Build.0 = Debug|Any CPU
		{581034FD-1E2E-4951-A2A3-4B3C8B847DF4}.Release|Any CPU.ActiveCfg = Release|Any CPU
		{581034FD-1E2E-4951-A2A3-4B3C8B847DF4}.Release|Any CPU.Build.0 = Release|Any CPU
		{1B48EC2E-FA34-4C82-9BCB-828F3ABF05E7}.Debug|Any CPU.ActiveCfg = Debug|Any CPU
		{1B48EC2E-FA34-4C82-9BCB-828F3ABF05E7}.Debug|Any CPU.Build.0 = Debug|Any CPU
		{1B48EC2E-FA34-4C82-9BCB-828F3ABF05E7}.Release|Any CPU.ActiveCfg = Release|Any CPU
		{1B48EC2E-FA34-4C82-9BCB-828F3ABF05E7}.Release|Any CPU.Build.0 = Release|Any CPU
		{25BFC170-DC26-4172-ACBE-3435E9D0F668}.Debug|Any CPU.ActiveCfg = Debug|Any CPU
		{25BFC170-DC26-4172-ACBE-3435E9D0F668}.Debug|Any CPU.Build.0 = Debug|Any CPU
		{25BFC170-DC26-4172-ACBE-3435E9D0F668}.Release|Any CPU.ActiveCfg = Release|Any CPU
		{25BFC170-DC26-4172-ACBE-3435E9D0F668}.Release|Any CPU.Build.0 = Release|Any CPU
		{33ADC2AF-3B34-4040-AF02-8FAA0EADD9CF}.Debug|Any CPU.ActiveCfg = Debug|Any CPU
		{33ADC2AF-3B34-4040-AF02-8FAA0EADD9CF}.Debug|Any CPU.Build.0 = Debug|Any CPU
		{33ADC2AF-3B34-4040-AF02-8FAA0EADD9CF}.Release|Any CPU.ActiveCfg = Release|Any CPU
		{33ADC2AF-3B34-4040-AF02-8FAA0EADD9CF}.Release|Any CPU.Build.0 = Release|Any CPU
		{AFCBB04A-7D06-4823-B7A1-59F6F589FE08}.Debug|Any CPU.ActiveCfg = Debug|Any CPU
		{AFCBB04A-7D06-4823-B7A1-59F6F589FE08}.Debug|Any CPU.Build.0 = Debug|Any CPU
		{AFCBB04A-7D06-4823-B7A1-59F6F589FE08}.Release|Any CPU.ActiveCfg = Release|Any CPU
		{AFCBB04A-7D06-4823-B7A1-59F6F589FE08}.Release|Any CPU.Build.0 = Release|Any CPU
		{3E885F6D-E2B8-492B-9A26-351C44A0062D}.Debug|Any CPU.ActiveCfg = Debug|Any CPU
		{3E885F6D-E2B8-492B-9A26-351C44A0062D}.Debug|Any CPU.Build.0 = Debug|Any CPU
		{3E885F6D-E2B8-492B-9A26-351C44A0062D}.Release|Any CPU.ActiveCfg = Release|Any CPU
		{3E885F6D-E2B8-492B-9A26-351C44A0062D}.Release|Any CPU.Build.0 = Release|Any CPU
		{57B64D8E-2747-4987-A9BA-D4129AE06960}.Debug|Any CPU.ActiveCfg = Debug|Any CPU
		{57B64D8E-2747-4987-A9BA-D4129AE06960}.Debug|Any CPU.Build.0 = Debug|Any CPU
		{57B64D8E-2747-4987-A9BA-D4129AE06960}.Release|Any CPU.ActiveCfg = Release|Any CPU
		{57B64D8E-2747-4987-A9BA-D4129AE06960}.Release|Any CPU.Build.0 = Release|Any CPU
		{96247247-18F2-4620-8A1A-64E623CA101B}.Debug|Any CPU.ActiveCfg = Debug|Any CPU
		{96247247-18F2-4620-8A1A-64E623CA101B}.Debug|Any CPU.Build.0 = Debug|Any CPU
		{96247247-18F2-4620-8A1A-64E623CA101B}.Release|Any CPU.ActiveCfg = Release|Any CPU
		{96247247-18F2-4620-8A1A-64E623CA101B}.Release|Any CPU.Build.0 = Release|Any CPU
		{A489A838-8585-4BBD-82F2-E22F060BE40F}.Debug|Any CPU.ActiveCfg = Debug|Any CPU
		{A489A838-8585-4BBD-82F2-E22F060BE40F}.Debug|Any CPU.Build.0 = Debug|Any CPU
		{A489A838-8585-4BBD-82F2-E22F060BE40F}.Release|Any CPU.ActiveCfg = Release|Any CPU
		{A489A838-8585-4BBD-82F2-E22F060BE40F}.Release|Any CPU.Build.0 = Release|Any CPU
		{8A9CF649-A8F9-4647-A302-C8813EA7DE09}.Debug|Any CPU.ActiveCfg = Debug|Any CPU
		{8A9CF649-A8F9-4647-A302-C8813EA7DE09}.Debug|Any CPU.Build.0 = Debug|Any CPU
		{8A9CF649-A8F9-4647-A302-C8813EA7DE09}.Release|Any CPU.ActiveCfg = Release|Any CPU
		{8A9CF649-A8F9-4647-A302-C8813EA7DE09}.Release|Any CPU.Build.0 = Release|Any CPU
		{6274C4A3-0994-49AD-A62C-936B73E72F21}.Debug|Any CPU.ActiveCfg = Debug|Any CPU
		{6274C4A3-0994-49AD-A62C-936B73E72F21}.Debug|Any CPU.Build.0 = Debug|Any CPU
		{6274C4A3-0994-49AD-A62C-936B73E72F21}.Release|Any CPU.ActiveCfg = Release|Any CPU
		{6274C4A3-0994-49AD-A62C-936B73E72F21}.Release|Any CPU.Build.0 = Release|Any CPU
		{BD0A13CA-6E58-4DF1-ADAE-CA20888288CD}.Debug|Any CPU.ActiveCfg = Debug|Any CPU
		{BD0A13CA-6E58-4DF1-ADAE-CA20888288CD}.Debug|Any CPU.Build.0 = Debug|Any CPU
		{BD0A13CA-6E58-4DF1-ADAE-CA20888288CD}.Release|Any CPU.ActiveCfg = Release|Any CPU
		{BD0A13CA-6E58-4DF1-ADAE-CA20888288CD}.Release|Any CPU.Build.0 = Release|Any CPU
		{35C70977-D111-4A92-828F-0588203C4A4A}.Debug|Any CPU.ActiveCfg = Debug|Any CPU
		{35C70977-D111-4A92-828F-0588203C4A4A}.Debug|Any CPU.Build.0 = Debug|Any CPU
		{35C70977-D111-4A92-828F-0588203C4A4A}.Release|Any CPU.ActiveCfg = Release|Any CPU
		{35C70977-D111-4A92-828F-0588203C4A4A}.Release|Any CPU.Build.0 = Release|Any CPU
		{7EB08941-4497-49CF-98FC-C9F02B2FE93B}.Debug|Any CPU.ActiveCfg = Debug|Any CPU
		{7EB08941-4497-49CF-98FC-C9F02B2FE93B}.Debug|Any CPU.Build.0 = Debug|Any CPU
		{7EB08941-4497-49CF-98FC-C9F02B2FE93B}.Release|Any CPU.ActiveCfg = Release|Any CPU
		{7EB08941-4497-49CF-98FC-C9F02B2FE93B}.Release|Any CPU.Build.0 = Release|Any CPU
		{C16AF3FF-5CD2-4EE5-822F-732CC5F47B94}.Debug|Any CPU.ActiveCfg = Debug|Any CPU
		{C16AF3FF-5CD2-4EE5-822F-732CC5F47B94}.Debug|Any CPU.Build.0 = Debug|Any CPU
		{C16AF3FF-5CD2-4EE5-822F-732CC5F47B94}.Release|Any CPU.ActiveCfg = Release|Any CPU
		{C16AF3FF-5CD2-4EE5-822F-732CC5F47B94}.Release|Any CPU.Build.0 = Release|Any CPU
		{8C1EC0D7-FD0A-4F77-8CC8-3791A5AEFF92}.Debug|Any CPU.ActiveCfg = Debug|Any CPU
		{8C1EC0D7-FD0A-4F77-8CC8-3791A5AEFF92}.Debug|Any CPU.Build.0 = Debug|Any CPU
		{8C1EC0D7-FD0A-4F77-8CC8-3791A5AEFF92}.Release|Any CPU.ActiveCfg = Release|Any CPU
		{8C1EC0D7-FD0A-4F77-8CC8-3791A5AEFF92}.Release|Any CPU.Build.0 = Release|Any CPU
		{6202C494-7AB5-4B2F-AE39-6A3FDF59B1B9}.Debug|Any CPU.ActiveCfg = Debug|Any CPU
		{6202C494-7AB5-4B2F-AE39-6A3FDF59B1B9}.Debug|Any CPU.Build.0 = Debug|Any CPU
		{6202C494-7AB5-4B2F-AE39-6A3FDF59B1B9}.Release|Any CPU.ActiveCfg = Release|Any CPU
		{6202C494-7AB5-4B2F-AE39-6A3FDF59B1B9}.Release|Any CPU.Build.0 = Release|Any CPU
		{E5EA526D-0677-4EA6-AB81-BF1B90D2E2D6}.Debug|Any CPU.ActiveCfg = Debug|Any CPU
		{E5EA526D-0677-4EA6-AB81-BF1B90D2E2D6}.Debug|Any CPU.Build.0 = Debug|Any CPU
		{E5EA526D-0677-4EA6-AB81-BF1B90D2E2D6}.Release|Any CPU.ActiveCfg = Release|Any CPU
		{E5EA526D-0677-4EA6-AB81-BF1B90D2E2D6}.Release|Any CPU.Build.0 = Release|Any CPU
		{D95610B1-54AD-474C-B7BD-C33AA974029E}.Debug|Any CPU.ActiveCfg = Debug|Any CPU
		{D95610B1-54AD-474C-B7BD-C33AA974029E}.Debug|Any CPU.Build.0 = Debug|Any CPU
		{D95610B1-54AD-474C-B7BD-C33AA974029E}.Release|Any CPU.ActiveCfg = Release|Any CPU
		{D95610B1-54AD-474C-B7BD-C33AA974029E}.Release|Any CPU.Build.0 = Release|Any CPU
		{F1C111FD-169C-4720-9EAC-20685275E5A5}.Debug|Any CPU.ActiveCfg = Debug|Any CPU
		{F1C111FD-169C-4720-9EAC-20685275E5A5}.Debug|Any CPU.Build.0 = Debug|Any CPU
		{F1C111FD-169C-4720-9EAC-20685275E5A5}.Release|Any CPU.ActiveCfg = Release|Any CPU
		{F1C111FD-169C-4720-9EAC-20685275E5A5}.Release|Any CPU.Build.0 = Release|Any CPU
		{EB9BF04D-999B-45EB-BA25-5515E959E91A}.Debug|Any CPU.ActiveCfg = Debug|Any CPU
		{EB9BF04D-999B-45EB-BA25-5515E959E91A}.Debug|Any CPU.Build.0 = Debug|Any CPU
		{EB9BF04D-999B-45EB-BA25-5515E959E91A}.Release|Any CPU.ActiveCfg = Release|Any CPU
		{EB9BF04D-999B-45EB-BA25-5515E959E91A}.Release|Any CPU.Build.0 = Release|Any CPU
		{1A2FEC3F-7635-4193-848B-C67EC71A7D99}.Debug|Any CPU.ActiveCfg = Debug|Any CPU
		{1A2FEC3F-7635-4193-848B-C67EC71A7D99}.Debug|Any CPU.Build.0 = Debug|Any CPU
		{1A2FEC3F-7635-4193-848B-C67EC71A7D99}.Release|Any CPU.ActiveCfg = Release|Any CPU
		{1A2FEC3F-7635-4193-848B-C67EC71A7D99}.Release|Any CPU.Build.0 = Release|Any CPU
	EndGlobalSection
	GlobalSection(NestedProjects) = preSolution
		{493E6E79-66E1-420B-AE8F-053783EAA4C0} = {2D0264D5-B65E-49AF-9EB1-BA5B5498ECB0}
		{1B16748F-8E66-4DC1-B536-85BF3716CF1E} = {493E6E79-66E1-420B-AE8F-053783EAA4C0}
		{90BD2B18-E8EF-4FF5-85BF-A1C119AA4F29} = {2D0264D5-B65E-49AF-9EB1-BA5B5498ECB0}
		{1916FD1B-DDBA-49D6-AA4F-2179E6E073FC} = {90BD2B18-E8EF-4FF5-85BF-A1C119AA4F29}
		{988A0FD0-1A05-4DEA-883C-15E34D39535C} = {1916FD1B-DDBA-49D6-AA4F-2179E6E073FC}
		{2D33E66B-4B76-4A11-9647-EE4514756F33} = {1916FD1B-DDBA-49D6-AA4F-2179E6E073FC}
		{3FB66120-0892-48C2-BA0B-2ED82EA0C749} = {1916FD1B-DDBA-49D6-AA4F-2179E6E073FC}
		{578E9FD7-9EB6-4308-97FF-3C216D957390} = {1916FD1B-DDBA-49D6-AA4F-2179E6E073FC}
		{B0410673-1D4A-4435-98F3-6FB2D76CF749} = {90BD2B18-E8EF-4FF5-85BF-A1C119AA4F29}
		{6D890C6D-61D9-4745-BCC8-2AAB8218E98B} = {B0410673-1D4A-4435-98F3-6FB2D76CF749}
		{C943C8F5-A79D-4321-9137-5F446F0CAE3F} = {B0410673-1D4A-4435-98F3-6FB2D76CF749}
		{84CA2987-317A-4A2E-AC13-E3157999C9FC} = {B0410673-1D4A-4435-98F3-6FB2D76CF749}
		{581034FD-1E2E-4951-A2A3-4B3C8B847DF4} = {B0410673-1D4A-4435-98F3-6FB2D76CF749}
		{A3054265-FE65-4D29-B279-363F3E20B329} = {90BD2B18-E8EF-4FF5-85BF-A1C119AA4F29}
		{1B48EC2E-FA34-4C82-9BCB-828F3ABF05E7} = {A3054265-FE65-4D29-B279-363F3E20B329}
		{25BFC170-DC26-4172-ACBE-3435E9D0F668} = {A3054265-FE65-4D29-B279-363F3E20B329}
		{33ADC2AF-3B34-4040-AF02-8FAA0EADD9CF} = {A3054265-FE65-4D29-B279-363F3E20B329}
		{AFCBB04A-7D06-4823-B7A1-59F6F589FE08} = {A3054265-FE65-4D29-B279-363F3E20B329}
		{5ECBAB6B-49B3-44BE-87E4-B8ECD8DF4D56} = {90BD2B18-E8EF-4FF5-85BF-A1C119AA4F29}
		{3E885F6D-E2B8-492B-9A26-351C44A0062D} = {5ECBAB6B-49B3-44BE-87E4-B8ECD8DF4D56}
		{57B64D8E-2747-4987-A9BA-D4129AE06960} = {5ECBAB6B-49B3-44BE-87E4-B8ECD8DF4D56}
		{96247247-18F2-4620-8A1A-64E623CA101B} = {5ECBAB6B-49B3-44BE-87E4-B8ECD8DF4D56}
		{A489A838-8585-4BBD-82F2-E22F060BE40F} = {5ECBAB6B-49B3-44BE-87E4-B8ECD8DF4D56}
		{79622E16-F9FA-4F83-9A26-561C6FD550A4} = {90BD2B18-E8EF-4FF5-85BF-A1C119AA4F29}
		{8A9CF649-A8F9-4647-A302-C8813EA7DE09} = {79622E16-F9FA-4F83-9A26-561C6FD550A4}
		{6274C4A3-0994-49AD-A62C-936B73E72F21} = {79622E16-F9FA-4F83-9A26-561C6FD550A4}
		{BD0A13CA-6E58-4DF1-ADAE-CA20888288CD} = {79622E16-F9FA-4F83-9A26-561C6FD550A4}
		{35C70977-D111-4A92-828F-0588203C4A4A} = {79622E16-F9FA-4F83-9A26-561C6FD550A4}
		{F2B92F7B-8180-4FFC-8D96-1C24CB4AE9EB} = {90BD2B18-E8EF-4FF5-85BF-A1C119AA4F29}
		{7EB08941-4497-49CF-98FC-C9F02B2FE93B} = {F2B92F7B-8180-4FFC-8D96-1C24CB4AE9EB}
		{C16AF3FF-5CD2-4EE5-822F-732CC5F47B94} = {F2B92F7B-8180-4FFC-8D96-1C24CB4AE9EB}
		{8C1EC0D7-FD0A-4F77-8CC8-3791A5AEFF92} = {F2B92F7B-8180-4FFC-8D96-1C24CB4AE9EB}
		{6202C494-7AB5-4B2F-AE39-6A3FDF59B1B9} = {F2B92F7B-8180-4FFC-8D96-1C24CB4AE9EB}
		{54E34B87-34ED-4B74-9883-EF6865495402} = {90BD2B18-E8EF-4FF5-85BF-A1C119AA4F29}
		{E5EA526D-0677-4EA6-AB81-BF1B90D2E2D6} = {54E34B87-34ED-4B74-9883-EF6865495402}
		{D95610B1-54AD-474C-B7BD-C33AA974029E} = {54E34B87-34ED-4B74-9883-EF6865495402}
		{F1C111FD-169C-4720-9EAC-20685275E5A5} = {54E34B87-34ED-4B74-9883-EF6865495402}
		{EB9BF04D-999B-45EB-BA25-5515E959E91A} = {54E34B87-34ED-4B74-9883-EF6865495402}
		{1A2FEC3F-7635-4193-848B-C67EC71A7D99} = {2D0264D5-B65E-49AF-9EB1-BA5B5498ECB0}
	EndGlobalSection
EndGlobal
